
Microsoft Visual Studio Solution File, Format Version 12.00
# Visual Studio 15
VisualStudioVersion = 15.0.26730.3
MinimumVisualStudioVersion = 10.0.40219.1
Project("{FAE04EC0-301F-11D3-BF4B-00C04F79EFBC}") = "Lecture5Args", "Lecture5Args\Lecture5Args.csproj", "{8EE84B0D-7BB8-4C9B-AA61-C0FBCED569A5}"
EndProject
Global
	GlobalSection(SolutionConfigurationPlatforms) = preSolution
		Debug|Any CPU = Debug|Any CPU
		Release|Any CPU = Release|Any CPU
	EndGlobalSection
	GlobalSection(ProjectConfigurationPlatforms) = postSolution
		{8EE84B0D-7BB8-4C9B-AA61-C0FBCED569A5}.Debug|Any CPU.ActiveCfg = Debug|Any CPU
		{8EE84B0D-7BB8-4C9B-AA61-C0FBCED569A5}.Debug|Any CPU.Build.0 = Debug|Any CPU
		{8EE84B0D-7BB8-4C9B-AA61-C0FBCED569A5}.Release|Any CPU.ActiveCfg = Release|Any CPU
		{8EE84B0D-7BB8-4C9B-AA61-C0FBCED569A5}.Release|Any CPU.Build.0 = Release|Any CPU
	EndGlobalSection
	GlobalSection(SolutionProperties) = preSolution
		HideSolutionNode = FALSE
	EndGlobalSection
	GlobalSection(ExtensibilityGlobals) = postSolution
		SolutionGuid = {3A509AB3-C547-4F56-A08F-1CA9D8FD4026}
	EndGlobalSection
EndGlobal
