
Microsoft Visual Studio Solution File, Format Version 12.00
# Visual Studio 15
VisualStudioVersion = 15.0.26730.3
MinimumVisualStudioVersion = 10.0.40219.1
Project("{FAE04EC0-301F-11D3-BF4B-00C04F79EFBC}") = "Lecture6Fraction", "Lecture6Fraction\Lecture6Fraction.csproj", "{170E58A4-F8C3-4F11-99BC-DEE7E9247498}"
EndProject
Global
	GlobalSection(SolutionConfigurationPlatforms) = preSolution
		Debug|Any CPU = Debug|Any CPU
		Release|Any CPU = Release|Any CPU
	EndGlobalSection
	GlobalSection(ProjectConfigurationPlatforms) = postSolution
		{170E58A4-F8C3-4F11-99BC-DEE7E9247498}.Debug|Any CPU.ActiveCfg = Debug|Any CPU
		{170E58A4-F8C3-4F11-99BC-DEE7E9247498}.Debug|Any CPU.Build.0 = Debug|Any CPU
		{170E58A4-F8C3-4F11-99BC-DEE7E9247498}.Release|Any CPU.ActiveCfg = Release|Any CPU
		{170E58A4-F8C3-4F11-99BC-DEE7E9247498}.Release|Any CPU.Build.0 = Release|Any CPU
	EndGlobalSection
	GlobalSection(SolutionProperties) = preSolution
		HideSolutionNode = FALSE
	EndGlobalSection
	GlobalSection(ExtensibilityGlobals) = postSolution
		SolutionGuid = {EF924776-80D7-4759-9E62-153684D637F1}
	EndGlobalSection
EndGlobal
