
Microsoft Visual Studio Solution File, Format Version 12.00
# Visual Studio 15
VisualStudioVersion = 15.0.26730.3
MinimumVisualStudioVersion = 10.0.40219.1
Project("{FAE04EC0-301F-11D3-BF4B-00C04F79EFBC}") = "Lecture3Lab1", "Lecture3Lab1\Lecture3Lab1.csproj", "{5F0AFC63-3DA3-492B-BFBB-E39480C9B263}"
EndProject
Global
	GlobalSection(SolutionConfigurationPlatforms) = preSolution
		Debug|Any CPU = Debug|Any CPU
		Release|Any CPU = Release|Any CPU
	EndGlobalSection
	GlobalSection(ProjectConfigurationPlatforms) = postSolution
		{5F0AFC63-3DA3-492B-BFBB-E39480C9B263}.Debug|Any CPU.ActiveCfg = Debug|Any CPU
		{5F0AFC63-3DA3-492B-BFBB-E39480C9B263}.Debug|Any CPU.Build.0 = Debug|Any CPU
		{5F0AFC63-3DA3-492B-BFBB-E39480C9B263}.Release|Any CPU.ActiveCfg = Release|Any CPU
		{5F0AFC63-3DA3-492B-BFBB-E39480C9B263}.Release|Any CPU.Build.0 = Release|Any CPU
	EndGlobalSection
	GlobalSection(SolutionProperties) = preSolution
		HideSolutionNode = FALSE
	EndGlobalSection
	GlobalSection(ExtensibilityGlobals) = postSolution
		SolutionGuid = {C5258EA4-FF85-4163-BF03-40E3003F46CC}
	EndGlobalSection
EndGlobal
