
Microsoft Visual Studio Solution File, Format Version 12.00
# Visual Studio 15
VisualStudioVersion = 15.0.26730.3
MinimumVisualStudioVersion = 10.0.40219.1
Project("{FAE04EC0-301F-11D3-BF4B-00C04F79EFBC}") = "Lecture5FizzBuzz", "Lecture5FizzBuzz\Lecture5FizzBuzz.csproj", "{F47DA9C4-D30B-4F41-8490-4456CC0FCBA0}"
EndProject
Global
	GlobalSection(SolutionConfigurationPlatforms) = preSolution
		Debug|Any CPU = Debug|Any CPU
		Release|Any CPU = Release|Any CPU
	EndGlobalSection
	GlobalSection(ProjectConfigurationPlatforms) = postSolution
		{F47DA9C4-D30B-4F41-8490-4456CC0FCBA0}.Debug|Any CPU.ActiveCfg = Debug|Any CPU
		{F47DA9C4-D30B-4F41-8490-4456CC0FCBA0}.Debug|Any CPU.Build.0 = Debug|Any CPU
		{F47DA9C4-D30B-4F41-8490-4456CC0FCBA0}.Release|Any CPU.ActiveCfg = Release|Any CPU
		{F47DA9C4-D30B-4F41-8490-4456CC0FCBA0}.Release|Any CPU.Build.0 = Release|Any CPU
	EndGlobalSection
	GlobalSection(SolutionProperties) = preSolution
		HideSolutionNode = FALSE
	EndGlobalSection
	GlobalSection(ExtensibilityGlobals) = postSolution
		SolutionGuid = {424CF4F4-7C06-4DDB-BA86-DBD30A422279}
	EndGlobalSection
EndGlobal
